
Microsoft Visual Studio Solution File, Format Version 12.00
# Visual Studio Version 16
VisualStudioVersion = 16.0.30804.86
MinimumVisualStudioVersion = 10.0.40219.1
Project("{8BC9CEB8-8B4A-11D0-8D11-00A0C91BC942}") = "MonkeyKong", "MonkeyKong.vcxproj", "{CA806A04-569B-4559-B2C3-398529778997}"
EndProject
Global
	GlobalSection(SolutionConfigurationPlatforms) = preSolution
		Debug|x64 = Debug|x64
		Debug|x86 = Debug|x86
		Release|x64 = Release|x64
		Release|x86 = Release|x86
	EndGlobalSection
	GlobalSection(ProjectConfigurationPlatforms) = postSolution
		{CA806A04-569B-4559-B2C3-398529778997}.Debug|x64.ActiveCfg = Debug|x64
		{CA806A04-569B-4559-B2C3-398529778997}.Debug|x64.Build.0 = Debug|x64
		{CA806A04-569B-4559-B2C3-398529778997}.Debug|x86.ActiveCfg = Debug|Win32
		{CA806A04-569B-4559-B2C3-398529778997}.Debug|x86.Build.0 = Debug|Win32
		{CA806A04-569B-4559-B2C3-398529778997}.Release|x64.ActiveCfg = Release|x64
		{CA806A04-569B-4559-B2C3-398529778997}.Release|x64.Build.0 = Release|x64
		{CA806A04-569B-4559-B2C3-398529778997}.Release|x86.ActiveCfg = Release|Win32
		{CA806A04-569B-4559-B2C3-398529778997}.Release|x86.Build.0 = Release|Win32
	EndGlobalSection
	GlobalSection(SolutionProperties) = preSolution
		HideSolutionNode = FALSE
	EndGlobalSection
	GlobalSection(ExtensibilityGlobals) = postSolution
		SolutionGuid = {3A5B870C-E1D0-449C-86B9-91D79A0C2B89}
	EndGlobalSection
EndGlobal
